
Microsoft Visual Studio Solution File, Format Version 12.00
# Visual Studio 15
VisualStudioVersion = 15.0.28307.168
MinimumVisualStudioVersion = 10.0.40219.1
Project("{FAE04EC0-301F-11D3-BF4B-00C04F79EFBC}") = "Domain", "Domain\Domain.csproj", "{C9A1F9E9-FA79-4A30-AC05-7F4826E19903}"
EndProject
Project("{FAE04EC0-301F-11D3-BF4B-00C04F79EFBC}") = "WebUI", "WebUI\WebUI.csproj", "{5C9A76ED-5D52-4DF0-A5C5-71D8F95B8844}"
EndProject
Global
	GlobalSection(SolutionConfigurationPlatforms) = preSolution
		Debug|Any CPU = Debug|Any CPU
		Release|Any CPU = Release|Any CPU
	EndGlobalSection
	GlobalSection(ProjectConfigurationPlatforms) = postSolution
		{C9A1F9E9-FA79-4A30-AC05-7F4826E19903}.Debug|Any CPU.ActiveCfg = Debug|Any CPU
		{C9A1F9E9-FA79-4A30-AC05-7F4826E19903}.Debug|Any CPU.Build.0 = Debug|Any CPU
		{C9A1F9E9-FA79-4A30-AC05-7F4826E19903}.Release|Any CPU.ActiveCfg = Release|Any CPU
		{C9A1F9E9-FA79-4A30-AC05-7F4826E19903}.Release|Any CPU.Build.0 = Release|Any CPU
		{5C9A76ED-5D52-4DF0-A5C5-71D8F95B8844}.Debug|Any CPU.ActiveCfg = Debug|Any CPU
		{5C9A76ED-5D52-4DF0-A5C5-71D8F95B8844}.Debug|Any CPU.Build.0 = Debug|Any CPU
		{5C9A76ED-5D52-4DF0-A5C5-71D8F95B8844}.Release|Any CPU.ActiveCfg = Release|Any CPU
		{5C9A76ED-5D52-4DF0-A5C5-71D8F95B8844}.Release|Any CPU.Build.0 = Release|Any CPU
	EndGlobalSection
	GlobalSection(SolutionProperties) = preSolution
		HideSolutionNode = FALSE
	EndGlobalSection
	GlobalSection(ExtensibilityGlobals) = postSolution
		SolutionGuid = {3F1CE0E0-4B42-4BC1-9268-E26122C27D9D}
	EndGlobalSection
EndGlobal
